
Microsoft Visual Studio Solution File, Format Version 12.00
# Visual Studio Version 17
VisualStudioVersion = 17.14.35821.62 d17.14
MinimumVisualStudioVersion = 10.0.40219.1
Project("{FAE04EC0-301F-11D3-BF4B-00C04F79EFBC}") = "ParquetMapper", "ParquetMapper\ParquetMapper.csproj", "{F8C2D558-D52C-493F-9F1E-D69B2438ABFE}"
EndProject
Project("{FAE04EC0-301F-11D3-BF4B-00C04F79EFBC}") = "ParquetMapper.Test", "ParquetMapper.Test\ParquetMapper.Test.csproj", "{450B3B00-0875-4F91-BC98-11C2D1294584}"
EndProject
Global
	GlobalSection(SolutionConfigurationPlatforms) = preSolution
		Debug|Any CPU = Debug|Any CPU
		Release|Any CPU = Release|Any CPU
	EndGlobalSection
	GlobalSection(ProjectConfigurationPlatforms) = postSolution
		{F8C2D558-D52C-493F-9F1E-D69B2438ABFE}.Debug|Any CPU.ActiveCfg = Debug|Any CPU
		{F8C2D558-D52C-493F-9F1E-D69B2438ABFE}.Debug|Any CPU.Build.0 = Debug|Any CPU
		{F8C2D558-D52C-493F-9F1E-D69B2438ABFE}.Release|Any CPU.ActiveCfg = Release|Any CPU
		{F8C2D558-D52C-493F-9F1E-D69B2438ABFE}.Release|Any CPU.Build.0 = Release|Any CPU
		{450B3B00-0875-4F91-BC98-11C2D1294584}.Debug|Any CPU.ActiveCfg = Debug|Any CPU
		{450B3B00-0875-4F91-BC98-11C2D1294584}.Debug|Any CPU.Build.0 = Debug|Any CPU
		{450B3B00-0875-4F91-BC98-11C2D1294584}.Release|Any CPU.ActiveCfg = Release|Any CPU
		{450B3B00-0875-4F91-BC98-11C2D1294584}.Release|Any CPU.Build.0 = Release|Any CPU
	EndGlobalSection
	GlobalSection(SolutionProperties) = preSolution
		HideSolutionNode = FALSE
	EndGlobalSection
	GlobalSection(ExtensibilityGlobals) = postSolution
		SolutionGuid = {79DE5208-97F7-46DF-A05F-761BEFE221B0}
	EndGlobalSection
EndGlobal
